
Microsoft Visual Studio Solution File, Format Version 12.00
Project("{FAE04EC0-301F-11D3-BF4B-00C04F79EFBC}") = "BookLibrary.Api", "BookLibrary.Api\BookLibrary.Api.csproj", "{4CBD0482-89CE-4C82-8655-6553B1860280}"
EndProject
Project("{FAE04EC0-301F-11D3-BF4B-00C04F79EFBC}") = "BookLibrary.Api.Domain", "BookLibrary.Api.Domain\BookLibrary.Api.Domain.csproj", "{0650A358-725F-42E4-8C68-A32686FEFF76}"
EndProject
Project("{FAE04EC0-301F-11D3-BF4B-00C04F79EFBC}") = "BookLibrary.Api.Application", "BookLibrary.Api.Application\BookLibrary.Api.Application.csproj", "{477DD215-915E-4082-BA85-C8C9793D2A02}"
EndProject
Project("{FAE04EC0-301F-11D3-BF4B-00C04F79EFBC}") = "BookLibrary.Api.Infrastructure", "BookLibrary.Api.Infrastructure\BookLibrary.Api.Infrastructure.csproj", "{B88F9906-2BA9-4715-8B8A-6A4E59D0FE66}"
EndProject
Global
	GlobalSection(SolutionConfigurationPlatforms) = preSolution
		Debug|Any CPU = Debug|Any CPU
		Release|Any CPU = Release|Any CPU
	EndGlobalSection
	GlobalSection(ProjectConfigurationPlatforms) = postSolution
		{4CBD0482-89CE-4C82-8655-6553B1860280}.Debug|Any CPU.ActiveCfg = Debug|Any CPU
		{4CBD0482-89CE-4C82-8655-6553B1860280}.Debug|Any CPU.Build.0 = Debug|Any CPU
		{4CBD0482-89CE-4C82-8655-6553B1860280}.Release|Any CPU.ActiveCfg = Release|Any CPU
		{4CBD0482-89CE-4C82-8655-6553B1860280}.Release|Any CPU.Build.0 = Release|Any CPU
		{0650A358-725F-42E4-8C68-A32686FEFF76}.Debug|Any CPU.ActiveCfg = Debug|Any CPU
		{0650A358-725F-42E4-8C68-A32686FEFF76}.Debug|Any CPU.Build.0 = Debug|Any CPU
		{0650A358-725F-42E4-8C68-A32686FEFF76}.Release|Any CPU.ActiveCfg = Release|Any CPU
		{0650A358-725F-42E4-8C68-A32686FEFF76}.Release|Any CPU.Build.0 = Release|Any CPU
		{477DD215-915E-4082-BA85-C8C9793D2A02}.Debug|Any CPU.ActiveCfg = Debug|Any CPU
		{477DD215-915E-4082-BA85-C8C9793D2A02}.Debug|Any CPU.Build.0 = Debug|Any CPU
		{477DD215-915E-4082-BA85-C8C9793D2A02}.Release|Any CPU.ActiveCfg = Release|Any CPU
		{477DD215-915E-4082-BA85-C8C9793D2A02}.Release|Any CPU.Build.0 = Release|Any CPU
		{B88F9906-2BA9-4715-8B8A-6A4E59D0FE66}.Debug|Any CPU.ActiveCfg = Debug|Any CPU
		{B88F9906-2BA9-4715-8B8A-6A4E59D0FE66}.Debug|Any CPU.Build.0 = Debug|Any CPU
		{B88F9906-2BA9-4715-8B8A-6A4E59D0FE66}.Release|Any CPU.ActiveCfg = Release|Any CPU
		{B88F9906-2BA9-4715-8B8A-6A4E59D0FE66}.Release|Any CPU.Build.0 = Release|Any CPU
	EndGlobalSection
EndGlobal
